// !$*UTF8*$!
{
	archiveVersion = 1;
	classes = {
	};
	objectVersion = 46;
	objects = {

/* Begin PBXBuildFile section */
		8D91CA2516A5002F001EF0D7 /* UIKit.framework in Frameworks */ = {isa = PBXBuildFile; fileRef = 8D91CA2416A5002F001EF0D7 /* UIKit.framework */; };
		8D91CA2716A5002F001EF0D7 /* Foundation.framework in Frameworks */ = {isa = PBXBuildFile; fileRef = 8D91CA2616A5002F001EF0D7 /* Foundation.framework */; };
		8D91CA2916A5002F001EF0D7 /* CoreGraphics.framework in Frameworks */ = {isa = PBXBuildFile; fileRef = 8D91CA2816A5002F001EF0D7 /* CoreGraphics.framework */; };
		8D91CA2F16A5002F001EF0D7 /* InfoPlist.strings in Resources */ = {isa = PBXBuildFile; fileRef = 8D91CA2D16A5002F001EF0D7 /* InfoPlist.strings */; };
		8D91CA3116A5002F001EF0D7 /* main.m in Sources */ = {isa = PBXBuildFile; fileRef = 8D91CA3016A5002F001EF0D7 /* main.m */; };
		8D91CA3516A5002F001EF0D7 /* JTAppDelegate.m in Sources */ = {isa = PBXBuildFile; fileRef = 8D91CA3416A5002F001EF0D7 /* JTAppDelegate.m */; };
		8D91CA3716A5002F001EF0D7 /* Default.png in Resources */ = {isa = PBXBuildFile; fileRef = 8D91CA3616A5002F001EF0D7 /* Default.png */; };
		8D91CA3916A5002F001EF0D7 /* Default@2x.png in Resources */ = {isa = PBXBuildFile; fileRef = 8D91CA3816A5002F001EF0D7 /* Default@2x.png */; };
		8D91CA3B16A5002F001EF0D7 /* Default-568h@2x.png in Resources */ = {isa = PBXBuildFile; fileRef = 8D91CA3A16A5002F001EF0D7 /* Default-568h@2x.png */; };
		8D91CA3E16A5002F001EF0D7 /* MainStoryboard.storyboard in Resources */ = {isa = PBXBuildFile; fileRef = 8D91CA3C16A5002F001EF0D7 /* MainStoryboard.storyboard */; };
		8D91CA4816A50053001EF0D7 /* name.json in Resources */ = {isa = PBXBuildFile; fileRef = 8D91CA4716A50053001EF0D7 /* name.json */; };
		8D91CA5016A505EE001EF0D7 /* JTTableViewController.m in Sources */ = {isa = PBXBuildFile; fileRef = 8D91CA4F16A505EE001EF0D7 /* JTTableViewController.m */; };
		8D91CA5616A508EB001EF0D7 /* JSONKit.m in Sources */ = {isa = PBXBuildFile; fileRef = 8D91CA5516A508EB001EF0D7 /* JSONKit.m */; settings = {COMPILER_FLAGS = "-fno-objc-arc"; }; };
		8D91CA5916A5148E001EF0D7 /* JTViewController.m in Sources */ = {isa = PBXBuildFile; fileRef = 8D91CA5816A5148E001EF0D7 /* JTViewController.m */; };
		8D91CA5B16A54017001EF0D7 /* google_news.json in Resources */ = {isa = PBXBuildFile; fileRef = 8D91CA5A16A54017001EF0D7 /* google_news.json */; };
		8D91CA5E16A5432E001EF0D7 /* JTPerson.m in Sources */ = {isa = PBXBuildFile; fileRef = 8D91CA5D16A5432E001EF0D7 /* JTPerson.m */; };
		8D91CA6116A54602001EF0D7 /* JTJModel.m in Sources */ = {isa = PBXBuildFile; fileRef = 8D91CA6016A54602001EF0D7 /* JTJModel.m */; };
		8D91CA6816A55DBA001EF0D7 /* JTDownloader.m in Sources */ = {isa = PBXBuildFile; fileRef = 8D91CA6716A55DBA001EF0D7 /* JTDownloader.m */; };
/* End PBXBuildFile section */

/* Begin PBXFileReference section */
		8D91CA2016A5002F001EF0D7 /* JSONTest.app */ = {isa = PBXFileReference; explicitFileType = wrapper.application; includeInIndex = 0; path = JSONTest.app; sourceTree = BUILT_PRODUCTS_DIR; };
		8D91CA2416A5002F001EF0D7 /* UIKit.framework */ = {isa = PBXFileReference; lastKnownFileType = wrapper.framework; name = UIKit.framework; path = System/Library/Frameworks/UIKit.framework; sourceTree = SDKROOT; };
		8D91CA2616A5002F001EF0D7 /* Foundation.framework */ = {isa = PBXFileReference; lastKnownFileType = wrapper.framework; name = Foundation.framework; path = System/Library/Frameworks/Foundation.framework; sourceTree = SDKROOT; };
		8D91CA2816A5002F001EF0D7 /* CoreGraphics.framework */ = {isa = PBXFileReference; lastKnownFileType = wrapper.framework; name = CoreGraphics.framework; path = System/Library/Frameworks/CoreGraphics.framework; sourceTree = SDKROOT; };
		8D91CA2C16A5002F001EF0D7 /* JSONTest-Info.plist */ = {isa = PBXFileReference; lastKnownFileType = text.plist.xml; path = "JSONTest-Info.plist"; sourceTree = "<group>"; };
		8D91CA2E16A5002F001EF0D7 /* en */ = {isa = PBXFileReference; lastKnownFileType = text.plist.strings; name = en; path = en.lproj/InfoPlist.strings; sourceTree = "<group>"; };
		8D91CA3016A5002F001EF0D7 /* main.m */ = {isa = PBXFileReference; lastKnownFileType = sourcecode.c.objc; path = main.m; sourceTree = "<group>"; };
		8D91CA3216A5002F001EF0D7 /* JSONTest-Prefix.pch */ = {isa = PBXFileReference; lastKnownFileType = sourcecode.c.h; path = "JSONTest-Prefix.pch"; sourceTree = "<group>"; };
		8D91CA3316A5002F001EF0D7 /* JTAppDelegate.h */ = {isa = PBXFileReference; lastKnownFileType = sourcecode.c.h; path = JTAppDelegate.h; sourceTree = "<group>"; };
		8D91CA3416A5002F001EF0D7 /* JTAppDelegate.m */ = {isa = PBXFileReference; lastKnownFileType = sourcecode.c.objc; path = JTAppDelegate.m; sourceTree = "<group>"; };
		8D91CA3616A5002F001EF0D7 /* Default.png */ = {isa = PBXFileReference; lastKnownFileType = image.png; path = Default.png; sourceTree = "<group>"; };
		8D91CA3816A5002F001EF0D7 /* Default@2x.png */ = {isa = PBXFileReference; lastKnownFileType = image.png; path = "Default@2x.png"; sourceTree = "<group>"; };
		8D91CA3A16A5002F001EF0D7 /* Default-568h@2x.png */ = {isa = PBXFileReference; lastKnownFileType = image.png; path = "Default-568h@2x.png"; sourceTree = "<group>"; };
		8D91CA3D16A5002F001EF0D7 /* en */ = {isa = PBXFileReference; lastKnownFileType = file.storyboard; name = en; path = en.lproj/MainStoryboard.storyboard; sourceTree = "<group>"; };
		8D91CA4716A50053001EF0D7 /* name.json */ = {isa = PBXFileReference; fileEncoding = 4; lastKnownFileType = text.json; path = name.json; sourceTree = "<group>"; };
		8D91CA4E16A505EE001EF0D7 /* JTTableViewController.h */ = {isa = PBXFileReference; fileEncoding = 4; lastKnownFileType = sourcecode.c.h; path = JTTableViewController.h; sourceTree = "<group>"; };
		8D91CA4F16A505EE001EF0D7 /* JTTableViewController.m */ = {isa = PBXFileReference; fileEncoding = 4; lastKnownFileType = sourcecode.c.objc; path = JTTableViewController.m; sourceTree = "<group>"; };
		8D91CA5416A508EB001EF0D7 /* JSONKit.h */ = {isa = PBXFileReference; fileEncoding = 4; lastKnownFileType = sourcecode.c.h; path = JSONKit.h; sourceTree = "<group>"; };
		8D91CA5516A508EB001EF0D7 /* JSONKit.m */ = {isa = PBXFileReference; fileEncoding = 4; lastKnownFileType = sourcecode.c.objc; path = JSONKit.m; sourceTree = "<group>"; };
		8D91CA5716A5148E001EF0D7 /* JTViewController.h */ = {isa = PBXFileReference; fileEncoding = 4; lastKnownFileType = sourcecode.c.h; name = JTViewController.h; path = ../JTViewController.h; sourceTree = "<group>"; };
		8D91CA5816A5148E001EF0D7 /* JTViewController.m */ = {isa = PBXFileReference; fileEncoding = 4; lastKnownFileType = sourcecode.c.objc; name = JTViewController.m; path = ../JTViewController.m; sourceTree = "<group>"; };
		8D91CA5A16A54017001EF0D7 /* google_news.json */ = {isa = PBXFileReference; fileEncoding = 4; lastKnownFileType = text.json; path = google_news.json; sourceTree = "<group>"; };
		8D91CA5C16A5432E001EF0D7 /* JTPerson.h */ = {isa = PBXFileReference; fileEncoding = 4; lastKnownFileType = sourcecode.c.h; path = JTPerson.h; sourceTree = "<group>"; };
		8D91CA5D16A5432E001EF0D7 /* JTPerson.m */ = {isa = PBXFileReference; fileEncoding = 4; lastKnownFileType = sourcecode.c.objc; path = JTPerson.m; sourceTree = "<group>"; };
		8D91CA5F16A54602001EF0D7 /* JTJModel.h */ = {isa = PBXFileReference; fileEncoding = 4; lastKnownFileType = sourcecode.c.h; path = JTJModel.h; sourceTree = "<group>"; };
		8D91CA6016A54602001EF0D7 /* JTJModel.m */ = {isa = PBXFileReference; fileEncoding = 4; lastKnownFileType = sourcecode.c.objc; path = JTJModel.m; sourceTree = "<group>"; };
		8D91CA6616A55DBA001EF0D7 /* JTDownloader.h */ = {isa = PBXFileReference; fileEncoding = 4; lastKnownFileType = sourcecode.c.h; path = JTDownloader.h; sourceTree = "<group>"; };
		8D91CA6716A55DBA001EF0D7 /* JTDownloader.m */ = {isa = PBXFileReference; fileEncoding = 4; lastKnownFileType = sourcecode.c.objc; path = JTDownloader.m; sourceTree = "<group>"; };
/* End PBXFileReference section */

/* Begin PBXFrameworksBuildPhase section */
		8D91CA1D16A5002F001EF0D7 /* Frameworks */ = {
			isa = PBXFrameworksBuildPhase;
			buildActionMask = 2147483647;
			files = (
				8D91CA2516A5002F001EF0D7 /* UIKit.framework in Frameworks */,
				8D91CA2716A5002F001EF0D7 /* Foundation.framework in Frameworks */,
				8D91CA2916A5002F001EF0D7 /* CoreGraphics.framework in Frameworks */,
			);
			runOnlyForDeploymentPostprocessing = 0;
		};
/* End PBXFrameworksBuildPhase section */

/* Begin PBXGroup section */
		8D91CA1516A5002E001EF0D7 = {
			isa = PBXGroup;
			children = (
				8D91CA2A16A5002F001EF0D7 /* JSONTest */,
				8D91CA2316A5002F001EF0D7 /* Frameworks */,
				8D91CA2116A5002F001EF0D7 /* Products */,
			);
			sourceTree = "<group>";
		};
		8D91CA2116A5002F001EF0D7 /* Products */ = {
			isa = PBXGroup;
			children = (
				8D91CA2016A5002F001EF0D7 /* JSONTest.app */,
			);
			name = Products;
			sourceTree = "<group>";
		};
		8D91CA2316A5002F001EF0D7 /* Frameworks */ = {
			isa = PBXGroup;
			children = (
				8D91CA2416A5002F001EF0D7 /* UIKit.framework */,
				8D91CA2616A5002F001EF0D7 /* Foundation.framework */,
				8D91CA2816A5002F001EF0D7 /* CoreGraphics.framework */,
			);
			name = Frameworks;
			sourceTree = "<group>";
		};
		8D91CA2A16A5002F001EF0D7 /* JSONTest */ = {
			isa = PBXGroup;
			children = (
				8D91CA5716A5148E001EF0D7 /* JTViewController.h */,
				8D91CA5816A5148E001EF0D7 /* JTViewController.m */,
				8D91CA5316A508EB001EF0D7 /* Vendors */,
				8D91CA3316A5002F001EF0D7 /* JTAppDelegate.h */,
				8D91CA3416A5002F001EF0D7 /* JTAppDelegate.m */,
				8D91CA3C16A5002F001EF0D7 /* MainStoryboard.storyboard */,
				8D91CA2B16A5002F001EF0D7 /* Supporting Files */,
				8D91CA4E16A505EE001EF0D7 /* JTTableViewController.h */,
				8D91CA4F16A505EE001EF0D7 /* JTTableViewController.m */,
				8D91CA5C16A5432E001EF0D7 /* JTPerson.h */,
				8D91CA5D16A5432E001EF0D7 /* JTPerson.m */,
				8D91CA5F16A54602001EF0D7 /* JTJModel.h */,
				8D91CA6016A54602001EF0D7 /* JTJModel.m */,
				8D91CA6616A55DBA001EF0D7 /* JTDownloader.h */,
				8D91CA6716A55DBA001EF0D7 /* JTDownloader.m */,
			);
			path = JSONTest;
			sourceTree = "<group>";
		};
		8D91CA2B16A5002F001EF0D7 /* Supporting Files */ = {
			isa = PBXGroup;
			children = (
				8D91CA2C16A5002F001EF0D7 /* JSONTest-Info.plist */,
				8D91CA2D16A5002F001EF0D7 /* InfoPlist.strings */,
				8D91CA3016A5002F001EF0D7 /* main.m */,
				8D91CA3216A5002F001EF0D7 /* JSONTest-Prefix.pch */,
				8D91CA3616A5002F001EF0D7 /* Default.png */,
				8D91CA3816A5002F001EF0D7 /* Default@2x.png */,
				8D91CA3A16A5002F001EF0D7 /* Default-568h@2x.png */,
				8D91CA4716A50053001EF0D7 /* name.json */,
				8D91CA5A16A54017001EF0D7 /* google_news.json */,
			);
			name = "Supporting Files";
			sourceTree = "<group>";
		};
		8D91CA5316A508EB001EF0D7 /* Vendors */ = {
			isa = PBXGroup;
			children = (
				8D91CA5416A508EB001EF0D7 /* JSONKit.h */,
				8D91CA5516A508EB001EF0D7 /* JSONKit.m */,
			);
			path = Vendors;
			sourceTree = "<group>";
		};
/* End PBXGroup section */

/* Begin PBXNativeTarget section */
		8D91CA1F16A5002F001EF0D7 /* JSONTest */ = {
			isa = PBXNativeTarget;
			buildConfigurationList = 8D91CA4416A5002F001EF0D7 /* Build configuration list for PBXNativeTarget "JSONTest" */;
			buildPhases = (
				8D91CA1C16A5002F001EF0D7 /* Sources */,
				8D91CA1D16A5002F001EF0D7 /* Frameworks */,
				8D91CA1E16A5002F001EF0D7 /* Resources */,
			);
			buildRules = (
			);
			dependencies = (
			);
			name = JSONTest;
			productName = JSONTest;
			productReference = 8D91CA2016A5002F001EF0D7 /* JSONTest.app */;
			productType = "com.apple.product-type.application";
		};
/* End PBXNativeTarget section */

/* Begin PBXProject section */
		8D91CA1716A5002E001EF0D7 /* Project object */ = {
			isa = PBXProject;
			attributes = {
				CLASSPREFIX = JT;
				LastUpgradeCheck = 0450;
				ORGANIZATIONNAME = 2359media;
			};
			buildConfigurationList = 8D91CA1A16A5002E001EF0D7 /* Build configuration list for PBXProject "JSONTest" */;
			compatibilityVersion = "Xcode 3.2";
			developmentRegion = English;
			hasScannedForEncodings = 0;
			knownRegions = (
				en,
			);
			mainGroup = 8D91CA1516A5002E001EF0D7;
			productRefGroup = 8D91CA2116A5002F001EF0D7 /* Products */;
			projectDirPath = "";
			projectRoot = "";
			targets = (
				8D91CA1F16A5002F001EF0D7 /* JSONTest */,
			);
		};
/* End PBXProject section */

/* Begin PBXResourcesBuildPhase section */
		8D91CA1E16A5002F001EF0D7 /* Resources */ = {
			isa = PBXResourcesBuildPhase;
			buildActionMask = 2147483647;
			files = (
				8D91CA2F16A5002F001EF0D7 /* InfoPlist.strings in Resources */,
				8D91CA3716A5002F001EF0D7 /* Default.png in Resources */,
				8D91CA3916A5002F001EF0D7 /* Default@2x.png in Resources */,
				8D91CA3B16A5002F001EF0D7 /* Default-568h@2x.png in Resources */,
				8D91CA3E16A5002F001EF0D7 /* MainStoryboard.storyboard in Resources */,
				8D91CA4816A50053001EF0D7 /* name.json in Resources */,
				8D91CA5B16A54017001EF0D7 /* google_news.json in Resources */,
			);
			runOnlyForDeploymentPostprocessing = 0;
		};
/* End PBXResourcesBuildPhase section */

/* Begin PBXSourcesBuildPhase section */
		8D91CA1C16A5002F001EF0D7 /* Sources */ = {
			isa = PBXSourcesBuildPhase;
			buildActionMask = 2147483647;
			files = (
				8D91CA3116A5002F001EF0D7 /* main.m in Sources */,
				8D91CA3516A5002F001EF0D7 /* JTAppDelegate.m in Sources */,
				8D91CA5016A505EE001EF0D7 /* JTTableViewController.m in Sources */,
				8D91CA5616A508EB001EF0D7 /* JSONKit.m in Sources */,
				8D91CA5916A5148E001EF0D7 /* JTViewController.m in Sources */,
				8D91CA5E16A5432E001EF0D7 /* JTPerson.m in Sources */,
				8D91CA6116A54602001EF0D7 /* JTJModel.m in Sources */,
				8D91CA6816A55DBA001EF0D7 /* JTDownloader.m in Sources */,
			);
			runOnlyForDeploymentPostprocessing = 0;
		};
/* End PBXSourcesBuildPhase section */

/* Begin PBXVariantGroup section */
		8D91CA2D16A5002F001EF0D7 /* InfoPlist.strings */ = {
			isa = PBXVariantGroup;
			children = (
				8D91CA2E16A5002F001EF0D7 /* en */,
			);
			name = InfoPlist.strings;
			sourceTree = "<group>";
		};
		8D91CA3C16A5002F001EF0D7 /* MainStoryboard.storyboard */ = {
			isa = PBXVariantGroup;
			children = (
				8D91CA3D16A5002F001EF0D7 /* en */,
			);
			name = MainStoryboard.storyboard;
			sourceTree = "<group>";
		};
/* End PBXVariantGroup section */

/* Begin XCBuildConfiguration section */
		8D91CA4216A5002F001EF0D7 /* Debug */ = {
			isa = XCBuildConfiguration;
			buildSettings = {
				ALWAYS_SEARCH_USER_PATHS = NO;
				CLANG_CXX_LANGUAGE_STANDARD = "gnu++0x";
				CLANG_CXX_LIBRARY = "libc++";
				CLANG_ENABLE_OBJC_ARC = YES;
				CLANG_WARN_EMPTY_BODY = YES;
				CLANG_WARN__DUPLICATE_METHOD_MATCH = YES;
				"CODE_SIGN_IDENTITY[sdk=iphoneos*]" = "iPhone Developer";
				COPY_PHASE_STRIP = NO;
				GCC_C_LANGUAGE_STANDARD = gnu99;
				GCC_DYNAMIC_NO_PIC = NO;
				GCC_OPTIMIZATION_LEVEL = 0;
				GCC_PREPROCESSOR_DEFINITIONS = (
					"DEBUG=1",
					"$(inherited)",
				);
				GCC_SYMBOLS_PRIVATE_EXTERN = NO;
				GCC_WARN_ABOUT_RETURN_TYPE = YES;
				GCC_WARN_UNINITIALIZED_AUTOS = YES;
				GCC_WARN_UNUSED_VARIABLE = YES;
				IPHONEOS_DEPLOYMENT_TARGET = 6.0;
				ONLY_ACTIVE_ARCH = YES;
				SDKROOT = iphoneos;
			};
			name = Debug;
		};
		8D91CA4316A5002F001EF0D7 /* Release */ = {
			isa = XCBuildConfiguration;
			buildSettings = {
				ALWAYS_SEARCH_USER_PATHS = NO;
				CLANG_CXX_LANGUAGE_STANDARD = "gnu++0x";
				CLANG_CXX_LIBRARY = "libc++";
				CLANG_ENABLE_OBJC_ARC = YES;
				CLANG_WARN_EMPTY_BODY = YES;
				CLANG_WARN__DUPLICATE_METHOD_MATCH = YES;
				"CODE_SIGN_IDENTITY[sdk=iphoneos*]" = "iPhone Developer";
				COPY_PHASE_STRIP = YES;
				GCC_C_LANGUAGE_STANDARD = gnu99;
				GCC_WARN_ABOUT_RETURN_TYPE = YES;
				GCC_WARN_UNINITIALIZED_AUTOS = YES;
				GCC_WARN_UNUSED_VARIABLE = YES;
				IPHONEOS_DEPLOYMENT_TARGET = 6.0;
				OTHER_CFLAGS = "-DNS_BLOCK_ASSERTIONS=1";
				SDKROOT = iphoneos;
				VALIDATE_PRODUCT = YES;
			};
			name = Release;
		};
		8D91CA4516A5002F001EF0D7 /* Debug */ = {
			isa = XCBuildConfiguration;
			buildSettings = {
				GCC_PRECOMPILE_PREFIX_HEADER = YES;
				GCC_PREFIX_HEADER = "JSONTest/JSONTest-Prefix.pch";
				INFOPLIST_FILE = "JSONTest/JSONTest-Info.plist";
				PRODUCT_NAME = "$(TARGET_NAME)";
				WRAPPER_EXTENSION = app;
			};
			name = Debug;
		};
		8D91CA4616A5002F001EF0D7 /* Release */ = {
			isa = XCBuildConfiguration;
			buildSettings = {
				GCC_PRECOMPILE_PREFIX_HEADER = YES;
				GCC_PREFIX_HEADER = "JSONTest/JSONTest-Prefix.pch";
				INFOPLIST_FILE = "JSONTest/JSONTest-Info.plist";
				PRODUCT_NAME = "$(TARGET_NAME)";
				WRAPPER_EXTENSION = app;
			};
			name = Release;
		};
/* End XCBuildConfiguration section */

/* Begin XCConfigurationList section */
		8D91CA1A16A5002E001EF0D7 /* Build configuration list for PBXProject "JSONTest" */ = {
			isa = XCConfigurationList;
			buildConfigurations = (
				8D91CA4216A5002F001EF0D7 /* Debug */,
				8D91CA4316A5002F001EF0D7 /* Release */,
			);
			defaultConfigurationIsVisible = 0;
			defaultConfigurationName = Release;
		};
		8D91CA4416A5002F001EF0D7 /* Build configuration list for PBXNativeTarget "JSONTest" */ = {
			isa = XCConfigurationList;
			buildConfigurations = (
				8D91CA4516A5002F001EF0D7 /* Debug */,
				8D91CA4616A5002F001EF0D7 /* Release */,
			);
			defaultConfigurationIsVisible = 0;
		};
/* End XCConfigurationList section */
	};
	rootObject = 8D91CA1716A5002E001EF0D7 /* Project object */;
}
